
Microsoft Visual Studio Solution File, Format Version 12.00
# Visual Studio Version 16
VisualStudioVersion = 16.0.29519.87
MinimumVisualStudioVersion = 10.0.40219.1
Project("{9A19103F-16F7-4668-BE54-9A1E7A4F7556}") = "reactdotnetcore", "reactdotnetcore.csproj", "{E1D868C0-E5CB-453D-86E0-B8FE205AC5E2}"
EndProject
Global
	GlobalSection(SolutionConfigurationPlatforms) = preSolution
		Debug|Any CPU = Debug|Any CPU
		Release|Any CPU = Release|Any CPU
	EndGlobalSection
	GlobalSection(ProjectConfigurationPlatforms) = postSolution
		{E1D868C0-E5CB-453D-86E0-B8FE205AC5E2}.Debug|Any CPU.ActiveCfg = Debug|Any CPU
		{E1D868C0-E5CB-453D-86E0-B8FE205AC5E2}.Debug|Any CPU.Build.0 = Debug|Any CPU
		{E1D868C0-E5CB-453D-86E0-B8FE205AC5E2}.Release|Any CPU.ActiveCfg = Release|Any CPU
		{E1D868C0-E5CB-453D-86E0-B8FE205AC5E2}.Release|Any CPU.Build.0 = Release|Any CPU
	EndGlobalSection
	GlobalSection(SolutionProperties) = preSolution
		HideSolutionNode = FALSE
	EndGlobalSection
	GlobalSection(ExtensibilityGlobals) = postSolution
		SolutionGuid = {AE68350E-4A7F-48EC-AED6-FCDBFB5349A8}
	EndGlobalSection
EndGlobal
